
Microsoft Visual Studio Solution File, Format Version 12.00
# Visual Studio 15
Project("{FAE04EC0-301F-11D3-BF4B-00C04F79EFBC}") = "BFI_Movies", "BFI_Movies.csproj", "{FABA5006-6D6C-4F40-8317-00C4ED4388D5}"
EndProject
Global
	GlobalSection(SolutionConfigurationPlatforms) = preSolution
		Debug|x86 = Debug|x86
		Release|x86 = Release|x86
	EndGlobalSection
	GlobalSection(ProjectConfigurationPlatforms) = postSolution
		{FABA5006-6D6C-4F40-8317-00C4ED4388D5}.Debug|x86.ActiveCfg = Debug|x86
		{FABA5006-6D6C-4F40-8317-00C4ED4388D5}.Debug|x86.Build.0 = Debug|x86
		{FABA5006-6D6C-4F40-8317-00C4ED4388D5}.Release|x86.ActiveCfg = Release|x86
		{FABA5006-6D6C-4F40-8317-00C4ED4388D5}.Release|x86.Build.0 = Release|x86
	EndGlobalSection
EndGlobal
